
Microsoft Visual Studio Solution File, Format Version 12.00
# Visual Studio Version 16
VisualStudioVersion = 16.0.31112.23
MinimumVisualStudioVersion = 10.0.40219.1
Project("{FAE04EC0-301F-11D3-BF4B-00C04F79EFBC}") = "BackEnd.Core", "BackEnd.Core\BackEnd.Core.csproj", "{354E1AAE-1764-4147-AB18-E35520D9F173}"
EndProject
Project("{FAE04EC0-301F-11D3-BF4B-00C04F79EFBC}") = "BackEnd.Entities", "BackEnd.Entities\BackEnd.Entities.csproj", "{AAE829C2-3C1A-493A-BE13-5EC924BE90FF}"
EndProject
Project("{FAE04EC0-301F-11D3-BF4B-00C04F79EFBC}") = "BackEnd.Business", "BackEnd.Business\BackEnd.Business.csproj", "{76A979A4-779F-4582-81E2-FE50A1E19BBE}"
EndProject
Project("{FAE04EC0-301F-11D3-BF4B-00C04F79EFBC}") = "BackEnd.DataAccess", "BackEnd.DataAccess\BackEnd.DataAccess.csproj", "{47BFD640-21AF-45A0-B0E1-4F7562C26CDC}"
EndProject
Project("{FAE04EC0-301F-11D3-BF4B-00C04F79EFBC}") = "BackEnd.WEBUI", "BackEnd.WEBUI\BackEnd.WEBUI.csproj", "{65B2FCCD-D596-4CB4-B936-BDC6E593A5B2}"
EndProject
Global
	GlobalSection(SolutionConfigurationPlatforms) = preSolution
		Debug|Any CPU = Debug|Any CPU
		Release|Any CPU = Release|Any CPU
	EndGlobalSection
	GlobalSection(ProjectConfigurationPlatforms) = postSolution
		{354E1AAE-1764-4147-AB18-E35520D9F173}.Debug|Any CPU.ActiveCfg = Debug|Any CPU
		{354E1AAE-1764-4147-AB18-E35520D9F173}.Debug|Any CPU.Build.0 = Debug|Any CPU
		{354E1AAE-1764-4147-AB18-E35520D9F173}.Release|Any CPU.ActiveCfg = Release|Any CPU
		{354E1AAE-1764-4147-AB18-E35520D9F173}.Release|Any CPU.Build.0 = Release|Any CPU
		{AAE829C2-3C1A-493A-BE13-5EC924BE90FF}.Debug|Any CPU.ActiveCfg = Debug|Any CPU
		{AAE829C2-3C1A-493A-BE13-5EC924BE90FF}.Debug|Any CPU.Build.0 = Debug|Any CPU
		{AAE829C2-3C1A-493A-BE13-5EC924BE90FF}.Release|Any CPU.ActiveCfg = Release|Any CPU
		{AAE829C2-3C1A-493A-BE13-5EC924BE90FF}.Release|Any CPU.Build.0 = Release|Any CPU
		{76A979A4-779F-4582-81E2-FE50A1E19BBE}.Debug|Any CPU.ActiveCfg = Debug|Any CPU
		{76A979A4-779F-4582-81E2-FE50A1E19BBE}.Debug|Any CPU.Build.0 = Debug|Any CPU
		{76A979A4-779F-4582-81E2-FE50A1E19BBE}.Release|Any CPU.ActiveCfg = Release|Any CPU
		{76A979A4-779F-4582-81E2-FE50A1E19BBE}.Release|Any CPU.Build.0 = Release|Any CPU
		{47BFD640-21AF-45A0-B0E1-4F7562C26CDC}.Debug|Any CPU.ActiveCfg = Debug|Any CPU
		{47BFD640-21AF-45A0-B0E1-4F7562C26CDC}.Debug|Any CPU.Build.0 = Debug|Any CPU
		{47BFD640-21AF-45A0-B0E1-4F7562C26CDC}.Release|Any CPU.ActiveCfg = Release|Any CPU
		{47BFD640-21AF-45A0-B0E1-4F7562C26CDC}.Release|Any CPU.Build.0 = Release|Any CPU
		{65B2FCCD-D596-4CB4-B936-BDC6E593A5B2}.Debug|Any CPU.ActiveCfg = Debug|Any CPU
		{65B2FCCD-D596-4CB4-B936-BDC6E593A5B2}.Debug|Any CPU.Build.0 = Debug|Any CPU
		{65B2FCCD-D596-4CB4-B936-BDC6E593A5B2}.Release|Any CPU.ActiveCfg = Release|Any CPU
		{65B2FCCD-D596-4CB4-B936-BDC6E593A5B2}.Release|Any CPU.Build.0 = Release|Any CPU
	EndGlobalSection
	GlobalSection(SolutionProperties) = preSolution
		HideSolutionNode = FALSE
	EndGlobalSection
	GlobalSection(ExtensibilityGlobals) = postSolution
		SolutionGuid = {06D3F300-D0FB-4053-AD08-EEC5DFF4B252}
	EndGlobalSection
EndGlobal
